Microsoft Visual Studio Solution File, Format Version 12.00
# Visual Studio Version 16
VisualStudioVersion = 16.0.29009.5
MinimumVisualStudioVersion = 10.0.40219.1
Project("{9A19103F-16F7-4668-BE54-9A1E7A4F7556}") = "ferrilata-devilline.UnitTests", "ferrilata-devilline.UnitTests\ferrilata-devilline.UnitTests.csproj", "{9D029518-E5FD-4C97-A66C-D51E5519569B}"
EndProject
Project("{9A19103F-16F7-4668-BE54-9A1E7A4F7556}") = "ferrilata-devilline", "ferrilata-devilline\ferrilata-devilline.csproj", "{D153447A-8076-40C3-90E9-BABB124F917E}"
EndProject
Project("{9A19103F-16F7-4668-BE54-9A1E7A4F7556}") = "ferrilata-devilline.IntegrationTests", "ferrilata-devilline.IntegrationTests\ferrilata-devilline.IntegrationTests.csproj", "{AA3C29B0-B245-492B-83EB-24E1F1A4F86E}"
EndProject
Global
	GlobalSection(SolutionConfigurationPlatforms) = preSolution
		Debug|Any CPU = Debug|Any CPU
		Release|Any CPU = Release|Any CPU
	EndGlobalSection
	GlobalSection(ProjectConfigurationPlatforms) = postSolution
		{9D029518-E5FD-4C97-A66C-D51E5519569B}.Debug|Any CPU.ActiveCfg = Debug|Any CPU
		{9D029518-E5FD-4C97-A66C-D51E5519569B}.Debug|Any CPU.Build.0 = Debug|Any CPU
		{9D029518-E5FD-4C97-A66C-D51E5519569B}.Release|Any CPU.ActiveCfg = Release|Any CPU
		{9D029518-E5FD-4C97-A66C-D51E5519569B}.Release|Any CPU.Build.0 = Release|Any CPU
		{D153447A-8076-40C3-90E9-BABB124F917E}.Debug|Any CPU.ActiveCfg = Debug|Any CPU
		{D153447A-8076-40C3-90E9-BABB124F917E}.Debug|Any CPU.Build.0 = Debug|Any CPU
		{D153447A-8076-40C3-90E9-BABB124F917E}.Release|Any CPU.ActiveCfg = Release|Any CPU
		{D153447A-8076-40C3-90E9-BABB124F917E}.Release|Any CPU.Build.0 = Release|Any CPU
		{AA3C29B0-B245-492B-83EB-24E1F1A4F86E}.Debug|Any CPU.ActiveCfg = Debug|Any CPU
		{AA3C29B0-B245-492B-83EB-24E1F1A4F86E}.Debug|Any CPU.Build.0 = Debug|Any CPU
		{AA3C29B0-B245-492B-83EB-24E1F1A4F86E}.Release|Any CPU.ActiveCfg = Release|Any CPU
		{AA3C29B0-B245-492B-83EB-24E1F1A4F86E}.Release|Any CPU.Build.0 = Release|Any CPU
	EndGlobalSection
	GlobalSection(SolutionProperties) = preSolution
		HideSolutionNode = FALSE
	EndGlobalSection
	GlobalSection(ExtensibilityGlobals) = postSolution
		SolutionGuid = {56DDF45C-0078-4759-A0EE-164ED4C59162}
	EndGlobalSection
	GlobalSection(MonoDevelopProperties) = preSolution
		Policies = $0
		$0.DotNetNamingPolicy = $1
		$1.DirectoryNamespaceAssociation = PrefixedHierarchical
		$0.TextStylePolicy = $2
		$2.inheritsSet = null
		$2.scope = text/x-csharp
		$0.CSharpFormattingPolicy = $3
		$3.scope = text/x-csharp
		$0.StandardHeader = $4
		$0.VersionControlPolicy = $5
	EndGlobalSection
EndGlobal
