
Microsoft Visual Studio Solution File, Format Version 12.00
# Visual Studio Version 16
VisualStudioVersion = 16.0.29009.5
MinimumVisualStudioVersion = 10.0.40219.1
Project("{9A19103F-16F7-4668-BE54-9A1E7A4F7556}") = "ferrilata-devilline.IntegrationTests", "..\ferrilata-devilline.IntegrationTests\ferrilata-devilline.IntegrationTests.csproj", "{A2B68805-77C8-4829-90B9-436BF443AE80}"
EndProject
Project("{9A19103F-16F7-4668-BE54-9A1E7A4F7556}") = "ferrilata-devilline.UnitTests", "..\ferrilata-devilline.UnitTests\ferrilata-devilline.UnitTests.csproj", "{6E57DE92-3D6A-44A9-A620-6ACEA7272DDD}"
EndProject
Project("{9A19103F-16F7-4668-BE54-9A1E7A4F7556}") = "ferrilata-devilline", "ferrilata-devilline.csproj", "{AA17515F-5B63-40BC-B2BD-9581125D342B}"
EndProject
Global
	GlobalSection(SolutionConfigurationPlatforms) = preSolution
		Debug|Any CPU = Debug|Any CPU
		Release|Any CPU = Release|Any CPU
	EndGlobalSection
	GlobalSection(ProjectConfigurationPlatforms) = postSolution
		{A2B68805-77C8-4829-90B9-436BF443AE80}.Debug|Any CPU.ActiveCfg = Debug|Any CPU
		{A2B68805-77C8-4829-90B9-436BF443AE80}.Debug|Any CPU.Build.0 = Debug|Any CPU
		{A2B68805-77C8-4829-90B9-436BF443AE80}.Release|Any CPU.ActiveCfg = Release|Any CPU
		{A2B68805-77C8-4829-90B9-436BF443AE80}.Release|Any CPU.Build.0 = Release|Any CPU
		{6E57DE92-3D6A-44A9-A620-6ACEA7272DDD}.Debug|Any CPU.ActiveCfg = Debug|Any CPU
		{6E57DE92-3D6A-44A9-A620-6ACEA7272DDD}.Debug|Any CPU.Build.0 = Debug|Any CPU
		{6E57DE92-3D6A-44A9-A620-6ACEA7272DDD}.Release|Any CPU.ActiveCfg = Release|Any CPU
		{6E57DE92-3D6A-44A9-A620-6ACEA7272DDD}.Release|Any CPU.Build.0 = Release|Any CPU
		{AA17515F-5B63-40BC-B2BD-9581125D342B}.Debug|Any CPU.ActiveCfg = Debug|Any CPU
		{AA17515F-5B63-40BC-B2BD-9581125D342B}.Debug|Any CPU.Build.0 = Debug|Any CPU
		{AA17515F-5B63-40BC-B2BD-9581125D342B}.Release|Any CPU.ActiveCfg = Release|Any CPU
		{AA17515F-5B63-40BC-B2BD-9581125D342B}.Release|Any CPU.Build.0 = Release|Any CPU
	EndGlobalSection
	GlobalSection(SolutionProperties) = preSolution
		HideSolutionNode = FALSE
	EndGlobalSection
	GlobalSection(ExtensibilityGlobals) = postSolution
		SolutionGuid = {56DDF45C-0078-4759-A0EE-164ED4C59162}
	EndGlobalSection
	GlobalSection(MonoDevelopProperties) = preSolution
		Policies = $0
		$0.DotNetNamingPolicy = $1
		$1.DirectoryNamespaceAssociation = PrefixedHierarchical
		$0.TextStylePolicy = $2
		$2.inheritsSet = null
		$2.scope = text/x-csharp
		$0.CSharpFormattingPolicy = $3
		$3.scope = text/x-csharp
		$0.StandardHeader = $4
		$0.VersionControlPolicy = $5
	EndGlobalSection
EndGlobal
